
Microsoft Visual Studio Solution File, Format Version 12.00
# Visual Studio Version 17
VisualStudioVersion = 17.0.31903.59
MinimumVisualStudioVersion = 10.0.40219.1
Project("{2150E333-8FDC-42A3-9474-1A3956D46DE8}") = "src", "src", "{827E0CD3-B72D-47B6-A68D-7590B98EB39B}"
EndProject
Project("{FAE04EC0-301F-11D3-BF4B-00C04F79EFBC}") = "AIEverything.Server", "src\AIEverything.Server\AIEverything.Server.csproj", "{52C41EF1-AE9A-414B-BE5B-483566462364}"
EndProject
Project("{FAE04EC0-301F-11D3-BF4B-00C04F79EFBC}") = "AIEverything.Content", "src\AIEverything.Content\AIEverything.Content.csproj", "{7E290A95-9FF3-4E88-8D1D-E02DA631C4D4}"
EndProject
Project("{FAE04EC0-301F-11D3-BF4B-00C04F79EFBC}") = "AIEverything.ExtractorWorker", "src\AIEverything.ExtractorWorker\AIEverything.ExtractorWorker.csproj", "{2A610B35-CC09-4A17-A9EA-1467B0147F8E}"
EndProject
Project("{FAE04EC0-301F-11D3-BF4B-00C04F79EFBC}") = "AIEverything.Daemon", "src\AIEverything.Daemon\AIEverything.Daemon.csproj", "{A2B39014-8C53-4B98-9ADF-823DEB05A830}"
EndProject
Project("{FAE04EC0-301F-11D3-BF4B-00C04F79EFBC}") = "AIEverything.Desktop", "src\AIEverything.Desktop\AIEverything.Desktop.csproj", "{1F7D7E30-3BA1-4F2B-90AA-A21817C76912}"
EndProject
Project("{FAE04EC0-301F-11D3-BF4B-00C04F79EFBC}") = "AIEverything.App", "src\AIEverything.App\AIEverything.App.csproj", "{B7D34B10-C18B-4C5B-8D5C-B3B2A2A3A281}"
EndProject
Project("{FAE04EC0-301F-11D3-BF4B-00C04F79EFBC}") = "AIEverything.Server.Tests", "tests\AIEverything.Server.Tests\AIEverything.Server.Tests.csproj", "{AB8FDD5C-6610-49BE-A79F-BED96038C766}"
EndProject
Global
	GlobalSection(SolutionConfigurationPlatforms) = preSolution
		Debug|Any CPU = Debug|Any CPU
		Debug|x64 = Debug|x64
		Debug|x86 = Debug|x86
		Release|Any CPU = Release|Any CPU
		Release|x64 = Release|x64
		Release|x86 = Release|x86
	EndGlobalSection
	GlobalSection(ProjectConfigurationPlatforms) = postSolution
		{52C41EF1-AE9A-414B-BE5B-483566462364}.Debug|Any CPU.ActiveCfg = Debug|Any CPU
		{52C41EF1-AE9A-414B-BE5B-483566462364}.Debug|Any CPU.Build.0 = Debug|Any CPU
		{52C41EF1-AE9A-414B-BE5B-483566462364}.Debug|x64.ActiveCfg = Debug|Any CPU
		{52C41EF1-AE9A-414B-BE5B-483566462364}.Debug|x64.Build.0 = Debug|Any CPU
		{52C41EF1-AE9A-414B-BE5B-483566462364}.Debug|x86.ActiveCfg = Debug|Any CPU
		{52C41EF1-AE9A-414B-BE5B-483566462364}.Debug|x86.Build.0 = Debug|Any CPU
		{52C41EF1-AE9A-414B-BE5B-483566462364}.Release|Any CPU.ActiveCfg = Release|Any CPU
		{52C41EF1-AE9A-414B-BE5B-483566462364}.Release|Any CPU.Build.0 = Release|Any CPU
		{52C41EF1-AE9A-414B-BE5B-483566462364}.Release|x64.ActiveCfg = Release|Any CPU
		{52C41EF1-AE9A-414B-BE5B-483566462364}.Release|x64.Build.0 = Release|Any CPU
		{52C41EF1-AE9A-414B-BE5B-483566462364}.Release|x86.ActiveCfg = Release|Any CPU
		{52C41EF1-AE9A-414B-BE5B-483566462364}.Release|x86.Build.0 = Release|Any CPU
		{7E290A95-9FF3-4E88-8D1D-E02DA631C4D4}.Debug|Any CPU.ActiveCfg = Debug|Any CPU
		{7E290A95-9FF3-4E88-8D1D-E02DA631C4D4}.Debug|Any CPU.Build.0 = Debug|Any CPU
		{7E290A95-9FF3-4E88-8D1D-E02DA631C4D4}.Debug|x64.ActiveCfg = Debug|Any CPU
		{7E290A95-9FF3-4E88-8D1D-E02DA631C4D4}.Debug|x64.Build.0 = Debug|Any CPU
		{7E290A95-9FF3-4E88-8D1D-E02DA631C4D4}.Debug|x86.ActiveCfg = Debug|Any CPU
		{7E290A95-9FF3-4E88-8D1D-E02DA631C4D4}.Debug|x86.Build.0 = Debug|Any CPU
		{7E290A95-9FF3-4E88-8D1D-E02DA631C4D4}.Release|Any CPU.ActiveCfg = Release|Any CPU
		{7E290A95-9FF3-4E88-8D1D-E02DA631C4D4}.Release|Any CPU.Build.0 = Release|Any CPU
		{7E290A95-9FF3-4E88-8D1D-E02DA631C4D4}.Release|x64.ActiveCfg = Release|Any CPU
		{7E290A95-9FF3-4E88-8D1D-E02DA631C4D4}.Release|x64.Build.0 = Release|Any CPU
		{7E290A95-9FF3-4E88-8D1D-E02DA631C4D4}.Release|x86.ActiveCfg = Release|Any CPU
		{7E290A95-9FF3-4E88-8D1D-E02DA631C4D4}.Release|x86.Build.0 = Release|Any CPU
		{2A610B35-CC09-4A17-A9EA-1467B0147F8E}.Debug|Any CPU.ActiveCfg = Debug|Any CPU
		{2A610B35-CC09-4A17-A9EA-1467B0147F8E}.Debug|Any CPU.Build.0 = Debug|Any CPU
		{2A610B35-CC09-4A17-A9EA-1467B0147F8E}.Debug|x64.ActiveCfg = Debug|Any CPU
		{2A610B35-CC09-4A17-A9EA-1467B0147F8E}.Debug|x64.Build.0 = Debug|Any CPU
		{2A610B35-CC09-4A17-A9EA-1467B0147F8E}.Debug|x86.ActiveCfg = Debug|Any CPU
		{2A610B35-CC09-4A17-A9EA-1467B0147F8E}.Debug|x86.Build.0 = Debug|Any CPU
		{2A610B35-CC09-4A17-A9EA-1467B0147F8E}.Release|Any CPU.ActiveCfg = Release|Any CPU
		{2A610B35-CC09-4A17-A9EA-1467B0147F8E}.Release|Any CPU.Build.0 = Release|Any CPU
		{2A610B35-CC09-4A17-A9EA-1467B0147F8E}.Release|x64.ActiveCfg = Release|Any CPU
		{2A610B35-CC09-4A17-A9EA-1467B0147F8E}.Release|x64.Build.0 = Release|Any CPU
		{2A610B35-CC09-4A17-A9EA-1467B0147F8E}.Release|x86.ActiveCfg = Release|Any CPU
		{2A610B35-CC09-4A17-A9EA-1467B0147F8E}.Release|x86.Build.0 = Release|Any CPU
		{A2B39014-8C53-4B98-9ADF-823DEB05A830}.Debug|Any CPU.ActiveCfg = Debug|Any CPU
		{A2B39014-8C53-4B98-9ADF-823DEB05A830}.Debug|Any CPU.Build.0 = Debug|Any CPU
		{A2B39014-8C53-4B98-9ADF-823DEB05A830}.Debug|x64.ActiveCfg = Debug|Any CPU
		{A2B39014-8C53-4B98-9ADF-823DEB05A830}.Debug|x64.Build.0 = Debug|Any CPU
		{A2B39014-8C53-4B98-9ADF-823DEB05A830}.Debug|x86.ActiveCfg = Debug|Any CPU
		{A2B39014-8C53-4B98-9ADF-823DEB05A830}.Debug|x86.Build.0 = Debug|Any CPU
		{A2B39014-8C53-4B98-9ADF-823DEB05A830}.Release|Any CPU.ActiveCfg = Release|Any CPU
		{A2B39014-8C53-4B98-9ADF-823DEB05A830}.Release|Any CPU.Build.0 = Release|Any CPU
		{A2B39014-8C53-4B98-9ADF-823DEB05A830}.Release|x64.ActiveCfg = Release|Any CPU
		{A2B39014-8C53-4B98-9ADF-823DEB05A830}.Release|x64.Build.0 = Release|Any CPU
		{A2B39014-8C53-4B98-9ADF-823DEB05A830}.Release|x86.ActiveCfg = Release|Any CPU
		{A2B39014-8C53-4B98-9ADF-823DEB05A830}.Release|x86.Build.0 = Release|Any CPU
		{1F7D7E30-3BA1-4F2B-90AA-A21817C76912}.Debug|Any CPU.ActiveCfg = Debug|Any CPU
		{1F7D7E30-3BA1-4F2B-90AA-A21817C76912}.Debug|Any CPU.Build.0 = Debug|Any CPU
		{1F7D7E30-3BA1-4F2B-90AA-A21817C76912}.Debug|x64.ActiveCfg = Debug|Any CPU
		{1F7D7E30-3BA1-4F2B-90AA-A21817C76912}.Debug|x64.Build.0 = Debug|Any CPU
		{1F7D7E30-3BA1-4F2B-90AA-A21817C76912}.Debug|x86.ActiveCfg = Debug|Any CPU
		{1F7D7E30-3BA1-4F2B-90AA-A21817C76912}.Debug|x86.Build.0 = Debug|Any CPU
		{1F7D7E30-3BA1-4F2B-90AA-A21817C76912}.Release|Any CPU.ActiveCfg = Release|Any CPU
		{1F7D7E30-3BA1-4F2B-90AA-A21817C76912}.Release|Any CPU.Build.0 = Release|Any CPU
		{1F7D7E30-3BA1-4F2B-90AA-A21817C76912}.Release|x64.ActiveCfg = Release|Any CPU
		{1F7D7E30-3BA1-4F2B-90AA-A21817C76912}.Release|x64.Build.0 = Release|Any CPU
		{1F7D7E30-3BA1-4F2B-90AA-A21817C76912}.Release|x86.ActiveCfg = Release|Any CPU
		{1F7D7E30-3BA1-4F2B-90AA-A21817C76912}.Release|x86.Build.0 = Release|Any CPU
		{B7D34B10-C18B-4C5B-8D5C-B3B2A2A3A281}.Debug|Any CPU.ActiveCfg = Debug|Any CPU
		{B7D34B10-C18B-4C5B-8D5C-B3B2A2A3A281}.Debug|Any CPU.Build.0 = Debug|Any CPU
		{B7D34B10-C18B-4C5B-8D5C-B3B2A2A3A281}.Debug|x64.ActiveCfg = Debug|Any CPU
		{B7D34B10-C18B-4C5B-8D5C-B3B2A2A3A281}.Debug|x64.Build.0 = Debug|Any CPU
		{B7D34B10-C18B-4C5B-8D5C-B3B2A2A3A281}.Debug|x86.ActiveCfg = Debug|Any CPU
		{B7D34B10-C18B-4C5B-8D5C-B3B2A2A3A281}.Debug|x86.Build.0 = Debug|Any CPU
		{B7D34B10-C18B-4C5B-8D5C-B3B2A2A3A281}.Release|Any CPU.ActiveCfg = Release|Any CPU
		{B7D34B10-C18B-4C5B-8D5C-B3B2A2A3A281}.Release|Any CPU.Build.0 = Release|Any CPU
		{B7D34B10-C18B-4C5B-8D5C-B3B2A2A3A281}.Release|x64.ActiveCfg = Release|Any CPU
		{B7D34B10-C18B-4C5B-8D5C-B3B2A2A3A281}.Release|x64.Build.0 = Release|Any CPU
		{B7D34B10-C18B-4C5B-8D5C-B3B2A2A3A281}.Release|x86.ActiveCfg = Release|Any CPU
		{B7D34B10-C18B-4C5B-8D5C-B3B2A2A3A281}.Release|x86.Build.0 = Release|Any CPU
		{AB8FDD5C-6610-49BE-A79F-BED96038C766}.Debug|Any CPU.ActiveCfg = Debug|Any CPU
		{AB8FDD5C-6610-49BE-A79F-BED96038C766}.Debug|Any CPU.Build.0 = Debug|Any CPU
		{AB8FDD5C-6610-49BE-A79F-BED96038C766}.Debug|x64.ActiveCfg = Debug|Any CPU
		{AB8FDD5C-6610-49BE-A79F-BED96038C766}.Debug|x64.Build.0 = Debug|Any CPU
		{AB8FDD5C-6610-49BE-A79F-BED96038C766}.Debug|x86.ActiveCfg = Debug|Any CPU
		{AB8FDD5C-6610-49BE-A79F-BED96038C766}.Debug|x86.Build.0 = Debug|Any CPU
		{AB8FDD5C-6610-49BE-A79F-BED96038C766}.Release|Any CPU.ActiveCfg = Release|Any CPU
		{AB8FDD5C-6610-49BE-A79F-BED96038C766}.Release|Any CPU.Build.0 = Release|Any CPU
		{AB8FDD5C-6610-49BE-A79F-BED96038C766}.Release|x64.ActiveCfg = Release|Any CPU
		{AB8FDD5C-6610-49BE-A79F-BED96038C766}.Release|x64.Build.0 = Release|Any CPU
		{AB8FDD5C-6610-49BE-A79F-BED96038C766}.Release|x86.ActiveCfg = Release|Any CPU
		{AB8FDD5C-6610-49BE-A79F-BED96038C766}.Release|x86.Build.0 = Release|Any CPU
	EndGlobalSection
	GlobalSection(SolutionProperties) = preSolution
		HideSolutionNode = FALSE
	EndGlobalSection
	GlobalSection(NestedProjects) = preSolution
		{52C41EF1-AE9A-414B-BE5B-483566462364} = {827E0CD3-B72D-47B6-A68D-7590B98EB39B}
		{7E290A95-9FF3-4E88-8D1D-E02DA631C4D4} = {827E0CD3-B72D-47B6-A68D-7590B98EB39B}
		{2A610B35-CC09-4A17-A9EA-1467B0147F8E} = {827E0CD3-B72D-47B6-A68D-7590B98EB39B}
		{A2B39014-8C53-4B98-9ADF-823DEB05A830} = {827E0CD3-B72D-47B6-A68D-7590B98EB39B}
		{1F7D7E30-3BA1-4F2B-90AA-A21817C76912} = {827E0CD3-B72D-47B6-A68D-7590B98EB39B}
		{B7D34B10-C18B-4C5B-8D5C-B3B2A2A3A281} = {827E0CD3-B72D-47B6-A68D-7590B98EB39B}
		{AB8FDD5C-6610-49BE-A79F-BED96038C766} = {827E0CD3-B72D-47B6-A68D-7590B98EB39B}
	EndGlobalSection
EndGlobal
